
Microsoft Visual Studio Solution File, Format Version 12.00
Project("{FAE04EC0-301F-11D3-BF4B-00C04F79EFBC}") = "SleepData", "SleepData.csproj", "{74878991-B093-419B-8E88-7221427648F0}"
EndProject
Global
	GlobalSection(SolutionConfigurationPlatforms) = preSolution
		Debug|Any CPU = Debug|Any CPU
		Release|Any CPU = Release|Any CPU
	EndGlobalSection
	GlobalSection(ProjectConfigurationPlatforms) = postSolution
		{74878991-B093-419B-8E88-7221427648F0}.Debug|Any CPU.ActiveCfg = Debug|Any CPU
		{74878991-B093-419B-8E88-7221427648F0}.Debug|Any CPU.Build.0 = Debug|Any CPU
		{74878991-B093-419B-8E88-7221427648F0}.Release|Any CPU.ActiveCfg = Release|Any CPU
		{74878991-B093-419B-8E88-7221427648F0}.Release|Any CPU.Build.0 = Release|Any CPU
	EndGlobalSection
EndGlobal
